
Microsoft Visual Studio Solution File, Format Version 12.00
# Visual Studio Version 17
VisualStudioVersion = 17.13.35931.197 d17.13
MinimumVisualStudioVersion = 10.0.40219.1
Project("{FAE04EC0-301F-11D3-BF4B-00C04F79EFBC}") = "3", "3.csproj", "{A7AF0EA9-C20D-47BE-96DA-C11203238656}"
EndProject
Global
	GlobalSection(SolutionConfigurationPlatforms) = preSolution
		Debug|Any CPU = Debug|Any CPU
		Release|Any CPU = Release|Any CPU
	EndGlobalSection
	GlobalSection(ProjectConfigurationPlatforms) = postSolution
		{A7AF0EA9-C20D-47BE-96DA-C11203238656}.Debug|Any CPU.ActiveCfg = Debug|Any CPU
		{A7AF0EA9-C20D-47BE-96DA-C11203238656}.Debug|Any CPU.Build.0 = Debug|Any CPU
		{A7AF0EA9-C20D-47BE-96DA-C11203238656}.Release|Any CPU.ActiveCfg = Release|Any CPU
		{A7AF0EA9-C20D-47BE-96DA-C11203238656}.Release|Any CPU.Build.0 = Release|Any CPU
	EndGlobalSection
	GlobalSection(SolutionProperties) = preSolution
		HideSolutionNode = FALSE
	EndGlobalSection
	GlobalSection(ExtensibilityGlobals) = postSolution
		SolutionGuid = {CC166309-8E3A-469D-8874-B887F92F0E4E}
	EndGlobalSection
EndGlobal
